
Microsoft Visual Studio Solution File, Format Version 12.00
# Visual Studio 15
VisualStudioVersion = 15.0.27130.2027
MinimumVisualStudioVersion = 10.0.40219.1
Project("{FAE04EC0-301F-11D3-BF4B-00C04F79EFBC}") = "ODK.Umbraco", "ODK.Umbraco\ODK.Umbraco.csproj", "{81F2DD71-46D7-4D52-A571-324CC799C8F2}"
EndProject
Project("{FAE04EC0-301F-11D3-BF4B-00C04F79EFBC}") = "ODK.Website", "ODK.Website\ODK.Website.csproj", "{41E808E0-3A47-45DF-8634-2CBA94A19783}"
EndProject
Global
	GlobalSection(SolutionConfigurationPlatforms) = preSolution
		Debug|Any CPU = Debug|Any CPU
		Release|Any CPU = Release|Any CPU
	EndGlobalSection
	GlobalSection(ProjectConfigurationPlatforms) = postSolution
		{81F2DD71-46D7-4D52-A571-324CC799C8F2}.Debug|Any CPU.ActiveCfg = Debug|Any CPU
		{81F2DD71-46D7-4D52-A571-324CC799C8F2}.Debug|Any CPU.Build.0 = Debug|Any CPU
		{81F2DD71-46D7-4D52-A571-324CC799C8F2}.Release|Any CPU.ActiveCfg = Release|Any CPU
		{81F2DD71-46D7-4D52-A571-324CC799C8F2}.Release|Any CPU.Build.0 = Release|Any CPU
		{41E808E0-3A47-45DF-8634-2CBA94A19783}.Debug|Any CPU.ActiveCfg = Debug|Any CPU
		{41E808E0-3A47-45DF-8634-2CBA94A19783}.Debug|Any CPU.Build.0 = Debug|Any CPU
		{41E808E0-3A47-45DF-8634-2CBA94A19783}.Release|Any CPU.ActiveCfg = Release|Any CPU
		{41E808E0-3A47-45DF-8634-2CBA94A19783}.Release|Any CPU.Build.0 = Release|Any CPU
	EndGlobalSection
	GlobalSection(SolutionProperties) = preSolution
		HideSolutionNode = FALSE
	EndGlobalSection
	GlobalSection(ExtensibilityGlobals) = postSolution
		SolutionGuid = {BD2710A1-0A93-4ED2-9276-F69B2430D878}
	EndGlobalSection
EndGlobal
